
Microsoft Visual Studio Solution File, Format Version 12.00
# Visual Studio Version 17
VisualStudioVersion = 17.5.002.0
MinimumVisualStudioVersion = 10.0.40219.1
Project("{9A19103F-16F7-4668-BE54-9A1E7A4F7556}") = "Atividade2", "Atividade2\Atividade2.csproj", "{C4DF7FAF-70D9-4AD8-9788-52323F8CFCE8}"
EndProject
Global
	GlobalSection(SolutionConfigurationPlatforms) = preSolution
		Debug|Any CPU = Debug|Any CPU
		Release|Any CPU = Release|Any CPU
	EndGlobalSection
	GlobalSection(ProjectConfigurationPlatforms) = postSolution
		{C4DF7FAF-70D9-4AD8-9788-52323F8CFCE8}.Debug|Any CPU.ActiveCfg = Debug|Any CPU
		{C4DF7FAF-70D9-4AD8-9788-52323F8CFCE8}.Debug|Any CPU.Build.0 = Debug|Any CPU
		{C4DF7FAF-70D9-4AD8-9788-52323F8CFCE8}.Release|Any CPU.ActiveCfg = Release|Any CPU
		{C4DF7FAF-70D9-4AD8-9788-52323F8CFCE8}.Release|Any CPU.Build.0 = Release|Any CPU
	EndGlobalSection
	GlobalSection(SolutionProperties) = preSolution
		HideSolutionNode = FALSE
	EndGlobalSection
	GlobalSection(ExtensibilityGlobals) = postSolution
		SolutionGuid = {33EC3C1E-1A98-43E9-888F-39480C372260}
	EndGlobalSection
EndGlobal
